
Microsoft Visual Studio Solution File, Format Version 12.00
# Visual Studio Version 17
VisualStudioVersion = 17.6.33723.286
MinimumVisualStudioVersion = 10.0.40219.1
Project("{9A19103F-16F7-4668-BE54-9A1E7A4F7556}") = "IdentityWebAPI", "IdentityWebAPI\IdentityWebAPI.csproj", "{D4990C08-68DD-4269-B599-F7C96DF12D1A}"
EndProject
Project("{FAE04EC0-301F-11D3-BF4B-00C04F79EFBC}") = "IdentityWebAPI.Tests", "IdentityWebAPI.Tests\IdentityWebAPI.Tests.csproj", "{EC2F9ECC-456E-44FE-BA79-660D0B3380ED}"
EndProject
Global
	GlobalSection(SolutionConfigurationPlatforms) = preSolution
		Debug|Any CPU = Debug|Any CPU
		Release|Any CPU = Release|Any CPU
	EndGlobalSection
	GlobalSection(ProjectConfigurationPlatforms) = postSolution
		{D4990C08-68DD-4269-B599-F7C96DF12D1A}.Debug|Any CPU.ActiveCfg = Debug|Any CPU
		{D4990C08-68DD-4269-B599-F7C96DF12D1A}.Debug|Any CPU.Build.0 = Debug|Any CPU
		{D4990C08-68DD-4269-B599-F7C96DF12D1A}.Release|Any CPU.ActiveCfg = Release|Any CPU
		{D4990C08-68DD-4269-B599-F7C96DF12D1A}.Release|Any CPU.Build.0 = Release|Any CPU
		{EC2F9ECC-456E-44FE-BA79-660D0B3380ED}.Debug|Any CPU.ActiveCfg = Debug|Any CPU
		{EC2F9ECC-456E-44FE-BA79-660D0B3380ED}.Debug|Any CPU.Build.0 = Debug|Any CPU
		{EC2F9ECC-456E-44FE-BA79-660D0B3380ED}.Release|Any CPU.ActiveCfg = Release|Any CPU
		{EC2F9ECC-456E-44FE-BA79-660D0B3380ED}.Release|Any CPU.Build.0 = Release|Any CPU
	EndGlobalSection
	GlobalSection(SolutionProperties) = preSolution
		HideSolutionNode = FALSE
	EndGlobalSection
	GlobalSection(ExtensibilityGlobals) = postSolution
		SolutionGuid = {7F945E70-2499-4C82-89C1-B8602AC72FF3}
	EndGlobalSection
EndGlobal
